
Microsoft Visual Studio Solution File, Format Version 12.00
# Visual Studio Version 17
VisualStudioVersion = 17.14.37216.2 d17.14
MinimumVisualStudioVersion = 10.0.40219.1
Project("{FAE04EC0-301F-11D3-BF4B-00C04F79EFBC}") = "ConsoleApp1", "ConsoleApp1\ConsoleApp1.csproj", "{582B2877-FE1A-4B49-B11E-845C7A51527E}"
EndProject
Project("{FAE04EC0-301F-11D3-BF4B-00C04F79EFBC}") = "ConsoleApp2", "..\ConsoleApp2\ConsoleApp2.csproj", "{4CAD4722-331A-4535-8510-FC042BD76F03}"
EndProject
Global
	GlobalSection(SolutionConfigurationPlatforms) = preSolution
		Debug|Any CPU = Debug|Any CPU
		Release|Any CPU = Release|Any CPU
	EndGlobalSection
	GlobalSection(ProjectConfigurationPlatforms) = postSolution
		{582B2877-FE1A-4B49-B11E-845C7A51527E}.Debug|Any CPU.ActiveCfg = Debug|Any CPU
		{582B2877-FE1A-4B49-B11E-845C7A51527E}.Debug|Any CPU.Build.0 = Debug|Any CPU
		{582B2877-FE1A-4B49-B11E-845C7A51527E}.Release|Any CPU.ActiveCfg = Release|Any CPU
		{582B2877-FE1A-4B49-B11E-845C7A51527E}.Release|Any CPU.Build.0 = Release|Any CPU
		{4CAD4722-331A-4535-8510-FC042BD76F03}.Debug|Any CPU.ActiveCfg = Debug|Any CPU
		{4CAD4722-331A-4535-8510-FC042BD76F03}.Debug|Any CPU.Build.0 = Debug|Any CPU
		{4CAD4722-331A-4535-8510-FC042BD76F03}.Release|Any CPU.ActiveCfg = Release|Any CPU
		{4CAD4722-331A-4535-8510-FC042BD76F03}.Release|Any CPU.Build.0 = Release|Any CPU
	EndGlobalSection
	GlobalSection(SolutionProperties) = preSolution
		HideSolutionNode = FALSE
	EndGlobalSection
	GlobalSection(ExtensibilityGlobals) = postSolution
		SolutionGuid = {1D6B9A2E-A060-48DB-B120-DF3E1E457D9A}
	EndGlobalSection
EndGlobal
